# THIS IS AN AUTOGENERATED FILE. DO NOT EDIT THIS FILE DIRECTLY.
# yarn lockfile v1


"@aws-crypto/crc32@2.0.0":
  version "2.0.0"
  resolved "https://registry.yarnpkg.com/@aws-crypto/crc32/-/crc32-2.0.0.tgz#4ad432a3c03ec3087c5540ff6e41e6565d2dc153"
  integrity sha512-TvE1r2CUueyXOuHdEigYjIZVesInd9KN+K/TFFNfkkxRThiNxO6i4ZqqAVMoEjAamZZ1AA8WXJkjCz7YShHPQA==
  dependencies:
    "@aws-crypto/util" "^2.0.0"
    "@aws-sdk/types" "^3.1.0"
    tslib "^1.11.1"

"@aws-crypto/ie11-detection@^2.0.0":
  version "2.0.0"
  resolved "https://registry.yarnpkg.com/@aws-crypto/ie11-detection/-/ie11-detection-2.0.0.tgz#bb6c2facf8f03457e949dcf0921477397ffa4c6e"
  integrity sha512-pkVXf/dq6PITJ0jzYZ69VhL8VFOFoPZLZqtU/12SGnzYuJOOGNfF41q9GxdI1yqC8R13Rq3jOLKDFpUJFT5eTA==
  dependencies:
    tslib "^1.11.1"

"@aws-crypto/sha256-browser@2.0.0":
  version "2.0.0"
  resolved "https://registry.yarnpkg.com/@aws-crypto/sha256-browser/-/sha256-browser-2.0.0.tgz#741c9024df55ec59b51e5b1f5d806a4852699fb5"
  integrity sha512-rYXOQ8BFOaqMEHJrLHul/25ckWH6GTJtdLSajhlqGMx0PmSueAuvboCuZCTqEKlxR8CQOwRarxYMZZSYlhRA1A==
  dependencies:
    "@aws-crypto/ie11-detection" "^2.0.0"
    "@aws-crypto/sha256-js" "^2.0.0"
    "@aws-crypto/supports-web-crypto" "^2.0.0"
    "@aws-crypto/util" "^2.0.0"
    "@aws-sdk/types" "^3.1.0"
    "@aws-sdk/util-locate-window" "^3.0.0"
    "@aws-sdk/util-utf8-browser" "^3.0.0"
    tslib "^1.11.1"

"@aws-crypto/sha256-js@2.0.0", "@aws-crypto/sha256-js@^2.0.0":
  version "2.0.0"
  resolved "https://registry.yarnpkg.com/@aws-crypto/sha256-js/-/sha256-js-2.0.0.tgz#f1f936039bdebd0b9e2dd834d65afdc2aac4efcb"
  integrity sha512-VZY+mCY4Nmrs5WGfitmNqXzaE873fcIZDu54cbaDaaamsaTOP1DBImV9F4pICc3EHjQXujyE8jig+PFCaew9ig==
  dependencies:
    "@aws-crypto/util" "^2.0.0"
    "@aws-sdk/types" "^3.1.0"
    tslib "^1.11.1"

"@aws-crypto/supports-web-crypto@^2.0.0":
  version "2.0.0"
  resolved "https://registry.yarnpkg.com/@aws-crypto/supports-web-crypto/-/supports-web-crypto-2.0.0.tgz#fd6cde30b88f77d5a4f57b2c37c560d918014f9e"
  integrity sha512-Ge7WQ3E0OC7FHYprsZV3h0QIcpdyJLvIeg+uTuHqRYm8D6qCFJoiC+edSzSyFiHtZf+NOQDJ1q46qxjtzIY2nA==
  dependencies:
    tslib "^1.11.1"

"@aws-crypto/util@^2.0.0":
  version "2.0.0"
  resolved "https://registry.yarnpkg.com/@aws-crypto/util/-/util-2.0.0.tgz#17ba6f83c7e447b70fc24b84c5f6714d1e329f4a"
  integrity sha512-YDooyH83m2P5A3h6lNH7hm6mIP93sU/dtzRmXIgtO4BCB7SvtX8ysVKQAE8tVky2DQ3HHxPCjNTuUe7YoAMrNQ==
  dependencies:
    "@aws-sdk/types" "^3.1.0"
    "@aws-sdk/util-utf8-browser" "^3.0.0"
    tslib "^1.11.1"

"@aws-sdk/abort-controller@3.47.2":
  version "3.47.2"
  resolved "https://registry.yarnpkg.com/@aws-sdk/abort-controller/-/abort-controller-3.47.2.tgz#f0baf4fd900438864bf92ee7b3404103977e638c"
  integrity sha512-OpxsJ3b2KlpqTQKq6Py6JtLhA7KaAtHthH1JLLWStaFhU5/Js8nFnfPWdJIDRLpuAGyeRTbkjOEUsOkWAI5dAw==
  dependencies:
    "@aws-sdk/types" "3.47.1"
    tslib "^2.3.0"

"@aws-sdk/chunked-blob-reader-native@3.47.2":
  version "3.47.2"
  resolved "https://registry.yarnpkg.com/@aws-sdk/chunked-blob-reader-native/-/chunked-blob-reader-native-3.47.2.tgz#b3cab10be31973a481091923a8ce5451e7cda0fb"
  integrity sha512-29+ZWESaFDQ9QXo7RGcUMuP89GTKo8bKlYplzNsO/B1uG17LgTgVHBapU3UBlF/EkOh1rzN5tEW+XwwstHvlXg==
  dependencies:
    "@aws-sdk/util-base64-browser" "3.47.1"
    tslib "^2.3.0"

"@aws-sdk/chunked-blob-reader@3.47.1":
  version "3.47.1"
  resolved "https://registry.yarnpkg.com/@aws-sdk/chunked-blob-reader/-/chunked-blob-reader-3.47.1.tgz#138182b0c64d8f3bc03ce56b03b9fee21f615b07"
  integrity sha512-D8wcAumX+q/VlX6lbYHWJqsaDBvj1BHVjJlBwLPrUBcsk0bRaJhhbhesej6DkhRX2pFhwXlHgc7CAgYhJCtc/w==
  dependencies:
    tslib "^2.3.0"

"@aws-sdk/client-s3@^3.48.0":
  version "3.48.0"
  resolved "https://registry.yarnpkg.com/@aws-sdk/client-s3/-/client-s3-3.48.0.tgz#4caf5d5e9388e45f5fda5b67e44993eae795a15a"
  integrity sha512-zOr7WWr9b5V3nTQnMTz+kjDpLJceI5Vmx3+mwi5a3vFDwJBvMJK0C25A9koDXtrjn8/hszAePh6+rC0oW8QJsQ==
  dependencies:
    "@aws-crypto/sha256-browser" "2.0.0"
    "@aws-crypto/sha256-js" "2.0.0"
    "@aws-sdk/client-sts" "3.48.0"
    "@aws-sdk/config-resolver" "3.47.2"
    "@aws-sdk/credential-provider-node" "3.48.0"
    "@aws-sdk/eventstream-serde-browser" "3.47.2"
    "@aws-sdk/eventstream-serde-config-resolver" "3.47.2"
    "@aws-sdk/eventstream-serde-node" "3.47.2"
    "@aws-sdk/fetch-http-handler" "3.47.2"
    "@aws-sdk/hash-blob-browser" "3.47.2"
    "@aws-sdk/hash-node" "3.47.2"
    "@aws-sdk/hash-stream-node" "3.47.2"
    "@aws-sdk/invalid-dependency" "3.47.2"
    "@aws-sdk/md5-js" "3.47.2"
    "@aws-sdk/middleware-apply-body-checksum" "3.47.2"
    "@aws-sdk/middleware-bucket-endpoint" "3.47.2"
    "@aws-sdk/middleware-content-length" "3.47.2"
    "@aws-sdk/middleware-expect-continue" "3.47.2"
    "@aws-sdk/middleware-host-header" "3.47.2"
    "@aws-sdk/middleware-location-constraint" "3.47.2"
    "@aws-sdk/middleware-logger" "3.47.2"
    "@aws-sdk/middleware-retry" "3.47.2"
    "@aws-sdk/middleware-sdk-s3" "3.47.2"
    "@aws-sdk/middleware-serde" "3.47.2"
    "@aws-sdk/middleware-signing" "3.47.2"
    "@aws-sdk/middleware-ssec" "3.47.2"
    "@aws-sdk/middleware-stack" "3.47.2"
    "@aws-sdk/middleware-user-agent" "3.47.2"
    "@aws-sdk/node-config-provider" "3.47.2"
    "@aws-sdk/node-http-handler" "3.47.2"
    "@aws-sdk/protocol-http" "3.47.2"
    "@aws-sdk/smithy-client" "3.47.2"
    "@aws-sdk/types" "3.47.1"
    "@aws-sdk/url-parser" "3.47.2"
    "@aws-sdk/util-base64-browser" "3.47.1"
    "@aws-sdk/util-base64-node" "3.47.2"
    "@aws-sdk/util-body-length-browser" "3.47.1"
    "@aws-sdk/util-body-length-node" "3.47.1"
    "@aws-sdk/util-defaults-mode-browser" "3.47.2"
    "@aws-sdk/util-defaults-mode-node" "3.47.2"
    "@aws-sdk/util-user-agent-browser" "3.47.2"
    "@aws-sdk/util-user-agent-node" "3.47.2"
    "@aws-sdk/util-utf8-browser" "3.47.1"
    "@aws-sdk/util-utf8-node" "3.47.2"
    "@aws-sdk/util-waiter" "3.47.2"
    "@aws-sdk/xml-builder" "3.47.1"
    entities "2.2.0"
    fast-xml-parser "3.19.0"
    tslib "^2.3.0"

"@aws-sdk/client-sso@3.48.0":
  version "3.48.0"
  resolved "https://registry.yarnpkg.com/@aws-sdk/client-sso/-/client-sso-3.48.0.tgz#63935b337b5d58d46d38d3251c113201da0ed9b0"
  integrity sha512-A9f7B5k+X7bx062OQEcLHIMMIq0H1GlUqdw9xReCLd6W6vcRthbeSK5xbkM7TzHeKHE2/9qQYAy0lyKkxFE6bQ==
  dependencies:
    "@aws-crypto/sha256-browser" "2.0.0"
    "@aws-crypto/sha256-js" "2.0.0"
    "@aws-sdk/config-resolver" "3.47.2"
    "@aws-sdk/fetch-http-handler" "3.47.2"
    "@aws-sdk/hash-node" "3.47.2"
    "@aws-sdk/invalid-dependency" "3.47.2"
    "@aws-sdk/middleware-content-length" "3.47.2"
    "@aws-sdk/middleware-host-header" "3.47.2"
    "@aws-sdk/middleware-logger" "3.47.2"
    "@aws-sdk/middleware-retry" "3.47.2"
    "@aws-sdk/middleware-serde" "3.47.2"
    "@aws-sdk/middleware-stack" "3.47.2"
    "@aws-sdk/middleware-user-agent" "3.47.2"
    "@aws-sdk/node-config-provider" "3.47.2"
    "@aws-sdk/node-http-handler" "3.47.2"
    "@aws-sdk/protocol-http" "3.47.2"
    "@aws-sdk/smithy-client" "3.47.2"
    "@aws-sdk/types" "3.47.1"
    "@aws-sdk/url-parser" "3.47.2"
    "@aws-sdk/util-base64-browser" "3.47.1"
    "@aws-sdk/util-base64-node" "3.47.2"
    "@aws-sdk/util-body-length-browser" "3.47.1"
    "@aws-sdk/util-body-length-node" "3.47.1"
    "@aws-sdk/util-defaults-mode-browser" "3.47.2"
    "@aws-sdk/util-defaults-mode-node" "3.47.2"
    "@aws-sdk/util-user-agent-browser" "3.47.2"
    "@aws-sdk/util-user-agent-node" "3.47.2"
    "@aws-sdk/util-utf8-browser" "3.47.1"
    "@aws-sdk/util-utf8-node" "3.47.2"
    tslib "^2.3.0"

"@aws-sdk/client-sts@3.48.0":
  version "3.48.0"
  resolved "https://registry.yarnpkg.com/@aws-sdk/client-sts/-/client-sts-3.48.0.tgz#8644831b0dc655528d5ba9dce13e3d0173a440af"
  integrity sha512-vOSIYCHjXB9nztZqwjIjV/jRZCfgej1YHpgqeNlfL8hPNhcrHemaoJaKHRPnhljIuHi+H5yQW7Pm4qJUFtGwKA==
  dependencies:
    "@aws-crypto/sha256-browser" "2.0.0"
    "@aws-crypto/sha256-js" "2.0.0"
    "@aws-sdk/config-resolver" "3.47.2"
    "@aws-sdk/credential-provider-node" "3.48.0"
    "@aws-sdk/fetch-http-handler" "3.47.2"
    "@aws-sdk/hash-node" "3.47.2"
    "@aws-sdk/invalid-dependency" "3.47.2"
    "@aws-sdk/middleware-content-length" "3.47.2"
    "@aws-sdk/middleware-host-header" "3.47.2"
    "@aws-sdk/middleware-logger" "3.47.2"
    "@aws-sdk/middleware-retry" "3.47.2"
    "@aws-sdk/middleware-sdk-sts" "3.47.2"
    "@aws-sdk/middleware-serde" "3.47.2"
    "@aws-sdk/middleware-signing" "3.47.2"
    "@aws-sdk/middleware-stack" "3.47.2"
    "@aws-sdk/middleware-user-agent" "3.47.2"
    "@aws-sdk/node-config-provider" "3.47.2"
    "@aws-sdk/node-http-handler" "3.47.2"
    "@aws-sdk/protocol-http" "3.47.2"
    "@aws-sdk/smithy-client" "3.47.2"
    "@aws-sdk/types" "3.47.1"
    "@aws-sdk/url-parser" "3.47.2"
    "@aws-sdk/util-base64-browser" "3.47.1"
    "@aws-sdk/util-base64-node" "3.47.2"
    "@aws-sdk/util-body-length-browser" "3.47.1"
    "@aws-sdk/util-body-length-node" "3.47.1"
    "@aws-sdk/util-defaults-mode-browser" "3.47.2"
    "@aws-sdk/util-defaults-mode-node" "3.47.2"
    "@aws-sdk/util-user-agent-browser" "3.47.2"
    "@aws-sdk/util-user-agent-node" "3.47.2"
    "@aws-sdk/util-utf8-browser" "3.47.1"
    "@aws-sdk/util-utf8-node" "3.47.2"
    entities "2.2.0"
    fast-xml-parser "3.19.0"
    tslib "^2.3.0"

"@aws-sdk/config-resolver@3.47.2":
  version "3.47.2"
  resolved "https://registry.yarnpkg.com/@aws-sdk/config-resolver/-/config-resolver-3.47.2.tgz#bdb80b8da832d84e215f3ff8db0cb3d5ecf1b385"
  integrity sha512-uv9U/qDOSqyCPQ71qiwMslqRMxYyt0y0h6X0aQ67GCPq4rbbU/dn8PqnYT0VfX/9Ss+DcbTm7vOTxVKv+8XADA==
  dependencies:
    "@aws-sdk/signature-v4" "3.47.2"
    "@aws-sdk/types" "3.47.1"
    "@aws-sdk/util-config-provider" "3.47.1"
    tslib "^2.3.0"

"@aws-sdk/credential-provider-env@3.47.2":
  version "3.47.2"
  resolved "https://registry.yarnpkg.com/@aws-sdk/credential-provider-env/-/credential-provider-env-3.47.2.tgz#c0b1cec162b2f97aece5ba84fadb30ec449fa73c"
  integrity sha512-HQKXY8y51kpTrD7P8fZJNf4MdCdu0+NcdOc+HScrQ21oZJv3BXUwXxKiOWY95Z3jYqyFwSKs1/FFuQ1mV0wjPg==
  dependencies:
    "@aws-sdk/property-provider" "3.47.2"
    "@aws-sdk/types" "3.47.1"
    tslib "^2.3.0"

"@aws-sdk/credential-provider-imds@3.47.2":
  version "3.47.2"
  resolved "https://registry.yarnpkg.com/@aws-sdk/credential-provider-imds/-/credential-provider-imds-3.47.2.tgz#eea23f355cb0e9546972cc7b4157dec7c6df13b6"
  integrity sha512-7fCIofgU5pdKGgbCAYQ8H7sIFluN3oebFyFy7C4eXJyNy/8QKjFHEW3NkNCh0Bkd5sLOqkwYU3nyRx0CbNkEoQ==
  dependencies:
    "@aws-sdk/node-config-provider" "3.47.2"
    "@aws-sdk/property-provider" "3.47.2"
    "@aws-sdk/types" "3.47.1"
    "@aws-sdk/url-parser" "3.47.2"
    tslib "^2.3.0"

"@aws-sdk/credential-provider-ini@3.48.0":
  version "3.48.0"
  resolved "https://registry.yarnpkg.com/@aws-sdk/credential-provider-ini/-/credential-provider-ini-3.48.0.tgz#57b83cde1931f1a30ab6a7ec272697eec9751702"
  integrity sha512-PSTfzK8V+3WVJOv+wlS4y09KYZx3iYj4Ad8LMGmGE4aqew8eRf6u2WuTmqrWwuOTxDra9PJ1ObcM5vBc+nZcYA==
  dependencies:
    "@aws-sdk/credential-provider-env" "3.47.2"
    "@aws-sdk/credential-provider-imds" "3.47.2"
    "@aws-sdk/credential-provider-sso" "3.48.0"
    "@aws-sdk/credential-provider-web-identity" "3.47.2"
    "@aws-sdk/property-provider" "3.47.2"
    "@aws-sdk/shared-ini-file-loader" "3.47.1"
    "@aws-sdk/types" "3.47.1"
    "@aws-sdk/util-credentials" "3.47.2"
    tslib "^2.3.0"

"@aws-sdk/credential-provider-node@3.48.0":
  version "3.48.0"
  resolved "https://registry.yarnpkg.com/@aws-sdk/credential-provider-node/-/credential-provider-node-3.48.0.tgz#af71731cf8bd844acfb0e9c02efda6e3bf037afe"
  integrity sha512-7CrbUT7yEZvYSQNXxZWN5KUx355wD+xrYIafoEST28T7nwcIiu7l2zpBY3JPhPIPNXqryVKfNQJvKV1dP3wF4g==
  dependencies:
    "@aws-sdk/credential-provider-env" "3.47.2"
    "@aws-sdk/credential-provider-imds" "3.47.2"
    "@aws-sdk/credential-provider-ini" "3.48.0"
    "@aws-sdk/credential-provider-process" "3.47.2"
    "@aws-sdk/credential-provider-sso" "3.48.0"
    "@aws-sdk/credential-provider-web-identity" "3.47.2"
    "@aws-sdk/property-provider" "3.47.2"
    "@aws-sdk/shared-ini-file-loader" "3.47.1"
    "@aws-sdk/types" "3.47.1"
    "@aws-sdk/util-credentials" "3.47.2"
    tslib "^2.3.0"

"@aws-sdk/credential-provider-process@3.47.2":
  version "3.47.2"
  resolved "https://registry.yarnpkg.com/@aws-sdk/credential-provider-process/-/credential-provider-process-3.47.2.tgz#876ebcb031b90c484c860b39fdbcc4d635f1dfe3"
  integrity sha512-LBuABkVt/tdSoHy8hdGVnInZx5QADhK90dEHc41+HTTP3bCSNsSBIErkZnmhAD/3AGz7m/4qkPmhJOqzFisY/g==
  dependencies:
    "@aws-sdk/property-provider" "3.47.2"
    "@aws-sdk/shared-ini-file-loader" "3.47.1"
    "@aws-sdk/types" "3.47.1"
    "@aws-sdk/util-credentials" "3.47.2"
    tslib "^2.3.0"

"@aws-sdk/credential-provider-sso@3.48.0":
  version "3.48.0"
  resolved "https://registry.yarnpkg.com/@aws-sdk/credential-provider-sso/-/credential-provider-sso-3.48.0.tgz#425a0a4e43134493cd649304959de1ba38cd6e9b"
  integrity sha512-31Ill3ZW35dueXb09PpOJ4C8oKdRGypbnycAgLYvvqYlO4LOs9FyQAsw+t2+ExvE6DznM0vkeWTQI3y7HUVYCA==
  dependencies:
    "@aws-sdk/client-sso" "3.48.0"
    "@aws-sdk/property-provider" "3.47.2"
    "@aws-sdk/shared-ini-file-loader" "3.47.1"
    "@aws-sdk/types" "3.47.1"
    "@aws-sdk/util-credentials" "3.47.2"
    tslib "^2.3.0"

"@aws-sdk/credential-provider-web-identity@3.47.2":
  version "3.47.2"
  resolved "https://registry.yarnpkg.com/@aws-sdk/credential-provider-web-identity/-/credential-provider-web-identity-3.47.2.tgz#3c184ea47253d9d3a34f09dc5d9abf9b6b755d4b"
  integrity sha512-biJo8zJwNk8Dwrd/mkTcu8iLuOlGbsG2Uahta4StkOUhZ733xewOZ4WISLXVLocb/PXLM1lZQgkobwugpFOQRA==
  dependencies:
    "@aws-sdk/property-provider" "3.47.2"
    "@aws-sdk/types" "3.47.1"
    tslib "^2.3.0"

"@aws-sdk/eventstream-marshaller@3.47.2":
  version "3.47.2"
  resolved "https://registry.yarnpkg.com/@aws-sdk/eventstream-marshaller/-/eventstream-marshaller-3.47.2.tgz#fd167da7de7843f24c044f7ac12d669fc66cb602"
  integrity sha512-KRWpWBuICxIJOp5vPe2NzT387uW8Q5IpyMNf8SNmFe9a9yTrg2oIRKkbEHHRNyCRnjbDmpU3Td58V9bpmaBXGw==
  dependencies:
    "@aws-crypto/crc32" "2.0.0"
    "@aws-sdk/types" "3.47.1"
    "@aws-sdk/util-hex-encoding" "3.47.1"
    tslib "^2.3.0"

"@aws-sdk/eventstream-serde-browser@3.47.2":
  version "3.47.2"
  resolved "https://registry.yarnpkg.com/@aws-sdk/eventstream-serde-browser/-/eventstream-serde-browser-3.47.2.tgz#868b0c5e2a2181227a42c7df22546e2ab7b1a16f"
  integrity sha512-dXjJ0eoNCu9P6uOzNcIL0OoXhVbdR/LPTRJCIR7NcfGCmJ4ZXeYwgYcHFTosrT/+SXAFGgsoU23dqA63TFWlMQ==
  dependencies:
    "@aws-sdk/eventstream-marshaller" "3.47.2"
    "@aws-sdk/eventstream-serde-universal" "3.47.2"
    "@aws-sdk/types" "3.47.1"
    tslib "^2.3.0"

"@aws-sdk/eventstream-serde-config-resolver@3.47.2":
  version "3.47.2"
  resolved "https://registry.yarnpkg.com/@aws-sdk/eventstream-serde-config-resolver/-/eventstream-serde-config-resolver-3.47.2.tgz#eaa8551fe10d266b82ef684da29049d15932bf85"
  integrity sha512-LE481skmmWqoPhGyhFWqf/0eEtAFKSJqyzPZEer6yFUpejaijek4Heo6B+Y3cyDGoASuqY4Wum+9q1Z1xPn2BQ==
  dependencies:
    "@aws-sdk/types" "3.47.1"
    tslib "^2.3.0"

"@aws-sdk/eventstream-serde-node@3.47.2":
  version "3.47.2"
  resolved "https://registry.yarnpkg.com/@aws-sdk/eventstream-serde-node/-/eventstream-serde-node-3.47.2.tgz#a37f2291657a0644506ee96931c8a44a7aec1fe9"
  integrity sha512-hrEsbDFaRr7rNJw+qgua+YhkMgSkgR/YhBe+rdI20maaJARIjLo4C8eRqAqrmlE4i2+PU4CvM/fVdL9M3HQXfQ==
  dependencies:
    "@aws-sdk/eventstream-marshaller" "3.47.2"
    "@aws-sdk/eventstream-serde-universal" "3.47.2"
    "@aws-sdk/types" "3.47.1"
    tslib "^2.3.0"

"@aws-sdk/eventstream-serde-universal@3.47.2":
  version "3.47.2"
  resolved "https://registry.yarnpkg.com/@aws-sdk/eventstream-serde-universal/-/eventstream-serde-universal-3.47.2.tgz#8afc41e51dcdf31e505886cf2a9041298a4690bc"
  integrity sha512-Zkfa2kHKNsWSAdO4atr9+JPEtcZzWuJqZHMr8MO5aXAMnKd5BA9XvzyGyhrfpr9HmnoqcbXrcx8iqDxcFEIp5g==
  dependencies:
    "@aws-sdk/eventstream-marshaller" "3.47.2"
    "@aws-sdk/types" "3.47.1"
    tslib "^2.3.0"

"@aws-sdk/fetch-http-handler@3.47.2":
  version "3.47.2"
  resolved "https://registry.yarnpkg.com/@aws-sdk/fetch-http-handler/-/fetch-http-handler-3.47.2.tgz#f80ff2b9985d85f7e2d27395a5a879b5c142886b"
  integrity sha512-MZwwKtJwkWPm3Tzh+F3gcts13v1OuZih0slOO4GJpMxq46+lcW4DoW04lNHULJsyduXs4CziH8g65DDh0Yhq6w==
  dependencies:
    "@aws-sdk/protocol-http" "3.47.2"
    "@aws-sdk/querystring-builder" "3.47.2"
    "@aws-sdk/types" "3.47.1"
    "@aws-sdk/util-base64-browser" "3.47.1"
    tslib "^2.3.0"

"@aws-sdk/hash-blob-browser@3.47.2":
  version "3.47.2"
  resolved "https://registry.yarnpkg.com/@aws-sdk/hash-blob-browser/-/hash-blob-browser-3.47.2.tgz#028340a0d3a5c7fee0411ca141deba15b02a490d"
  integrity sha512-DG8kGFUqXH+eQLLQtzTuBxBEuLHJ03w3X2Geq7aNvfwh06OOJW3FYz+FTLH2f2HxqlKOQtf3MsqpH074zKC5/A==
  dependencies:
    "@aws-sdk/chunked-blob-reader" "3.47.1"
    "@aws-sdk/chunked-blob-reader-native" "3.47.2"
    "@aws-sdk/types" "3.47.1"
    tslib "^2.3.0"

"@aws-sdk/hash-node@3.47.2":
  version "3.47.2"
  resolved "https://registry.yarnpkg.com/@aws-sdk/hash-node/-/hash-node-3.47.2.tgz#27fa19623403676974f4c2051ad14a3d9b1d3118"
  integrity sha512-OpUCNGvchKI1WoOCtCm36gQtECMz2P5mJoXxAHNZQ5qQ69A5Vk/DZs1V24N94M7tl1u7ZpbLsJbWFdu+P4B27g==
  dependencies:
    "@aws-sdk/types" "3.47.1"
    "@aws-sdk/util-buffer-from" "3.47.2"
    tslib "^2.3.0"

"@aws-sdk/hash-stream-node@3.47.2":
  version "3.47.2"
  resolved "https://registry.yarnpkg.com/@aws-sdk/hash-stream-node/-/hash-stream-node-3.47.2.tgz#513b333ae8415b3a7bf95b9ff7228cf3b702fc30"
  integrity sha512-ModP4kZkkj4j1djuANwETAwYL1uTcXBHVcVLvy/wVDVLIcEW1TgGBgkY0rSGFE4RWDESTjhLCBKNDgvpxReSLQ==
  dependencies:
    "@aws-sdk/types" "3.47.1"
    tslib "^2.3.0"

"@aws-sdk/invalid-dependency@3.47.2":
  version "3.47.2"
  resolved "https://registry.yarnpkg.com/@aws-sdk/invalid-dependency/-/invalid-dependency-3.47.2.tgz#4d4c1603b2a6a0405b67ba1b53982d35813d77b2"
  integrity sha512-QLIp0Gv9IbSVXru1kS92M4kF9ZgHmVP7Us8dWSu5UC7LJt6Uxhxjb+e+F0h9qY1Z3Prior12I4r5COgVO3dWxA==
  dependencies:
    "@aws-sdk/types" "3.47.1"
    tslib "^2.3.0"

"@aws-sdk/is-array-buffer@3.47.1":
  version "3.47.1"
  resolved "https://registry.yarnpkg.com/@aws-sdk/is-array-buffer/-/is-array-buffer-3.47.1.tgz#c1ca744d2be45bbc5369611c05886f8a14202678"
  integrity sha512-HQMvT3dP6DCjmn87WkzYxUF9RqkvuXgKfddLEKj/tg/OgDQJv9xIPjEEry8Fd36ncbBqaBmC/z2ETZhpzHQvXA==
  dependencies:
    tslib "^2.3.0"

"@aws-sdk/md5-js@3.47.2":
  version "3.47.2"
  resolved "https://registry.yarnpkg.com/@aws-sdk/md5-js/-/md5-js-3.47.2.tgz#f45196642ea2bae1bdb396c6b01c1dfe944ded65"
  integrity sha512-APIz8mCPscYG6gCxvC2dbrBfpM3jHwAh+VqTmGHHxxO1AAP3y5ohtdl/2MsKtEPKuyT1IX2/YoUwcOyJj65xmw==
  dependencies:
    "@aws-sdk/types" "3.47.1"
    "@aws-sdk/util-utf8-browser" "3.47.1"
    "@aws-sdk/util-utf8-node" "3.47.2"
    tslib "^2.3.0"

"@aws-sdk/middleware-apply-body-checksum@3.47.2":
  version "3.47.2"
  resolved "https://registry.yarnpkg.com/@aws-sdk/middleware-apply-body-checksum/-/middleware-apply-body-checksum-3.47.2.tgz#7f88672f60ce4c49fb7665754ecc1e34d71f33f6"
  integrity sha512-sjZZZ7hOR9retsblYOs4cgsVg7r1Sfuvr/aIx16XXv3TeAk7fz8JTRf5STxMM6YkGIVMbvBOHpMNvcGGgJQhZQ==
  dependencies:
    "@aws-sdk/is-array-buffer" "3.47.1"
    "@aws-sdk/protocol-http" "3.47.2"
    "@aws-sdk/types" "3.47.1"
    tslib "^2.3.0"

"@aws-sdk/middleware-bucket-endpoint@3.47.2":
  version "3.47.2"
  resolved "https://registry.yarnpkg.com/@aws-sdk/middleware-bucket-endpoint/-/middleware-bucket-endpoint-3.47.2.tgz#1cadc5f967af433b3e55a7b8686fa2f627e02aa7"
  integrity sha512-VrUrkAUS3CqI7tK3r0c0oT+1SE1L+euyq6j6Jt3XOjRMUXCkArecVkr3jEprbpVDiAkaTXEJE77iL1+98twiYA==
  dependencies:
    "@aws-sdk/protocol-http" "3.47.2"
    "@aws-sdk/types" "3.47.1"
    "@aws-sdk/util-arn-parser" "3.47.1"
    "@aws-sdk/util-config-provider" "3.47.1"
    tslib "^2.3.0"

"@aws-sdk/middleware-content-length@3.47.2":
  version "3.47.2"
  resolved "https://registry.yarnpkg.com/@aws-sdk/middleware-content-length/-/middleware-content-length-3.47.2.tgz#6ef7569ead07d05231e9296da930a8d70028a64e"
  integrity sha512-rpLtN6BczAfJnH1fpXyUOMdDFN3xrky3QZ4SULVgTLXNMOvN5zDJnjwUh/QNgEaEQhxd6lroVJSgosG3357kWg==
  dependencies:
    "@aws-sdk/protocol-http" "3.47.2"
    "@aws-sdk/types" "3.47.1"
    tslib "^2.3.0"

"@aws-sdk/middleware-expect-continue@3.47.2":
  version "3.47.2"
  resolved "https://registry.yarnpkg.com/@aws-sdk/middleware-expect-continue/-/middleware-expect-continue-3.47.2.tgz#d659eb2984bc4d76fbe3a0199bb0e30d08d6ceca"
  integrity sha512-sLv5q8+POzpMvp9dx/OInFr6VWJreHOGFoauYN1n7a+8dmhr9tycBLq/j+eBXI2FWwC3dXCBdrC9qs4ieSRe0Q==
  dependencies:
    "@aws-sdk/middleware-header-default" "3.47.2"
    "@aws-sdk/protocol-http" "3.47.2"
    "@aws-sdk/types" "3.47.1"
    tslib "^2.3.0"

"@aws-sdk/middleware-header-default@3.47.2":
  version "3.47.2"
  resolved "https://registry.yarnpkg.com/@aws-sdk/middleware-header-default/-/middleware-header-default-3.47.2.tgz#2498432c7d248db97423dbdb6c368c1d332dfe11"
  integrity sha512-fCcQaQ/ac+h8nS8d8nSrvP/scNTCdkHQ8PpNXo7nSz4a67xbxxln61T4iHOin8z0m62NlFrhtMdlQTtDqDEZVg==
  dependencies:
    "@aws-sdk/protocol-http" "3.47.2"
    "@aws-sdk/types" "3.47.1"
    tslib "^2.3.0"

"@aws-sdk/middleware-host-header@3.47.2":
  version "3.47.2"
  resolved "https://registry.yarnpkg.com/@aws-sdk/middleware-host-header/-/middleware-host-header-3.47.2.tgz#2692f0e24672cfad35953b67551f178325cb27c8"
  integrity sha512-sDIGydvdO1LC7VQntTDMK+YYLRVCJAhrsCT8SxyAX0Jhu7Ek1BfRZzSZDwapL+idbMyyKsB80NpNoTWuKRrrew==
  dependencies:
    "@aws-sdk/protocol-http" "3.47.2"
    "@aws-sdk/types" "3.47.1"
    tslib "^2.3.0"

"@aws-sdk/middleware-location-constraint@3.47.2":
  version "3.47.2"
  resolved "https://registry.yarnpkg.com/@aws-sdk/middleware-location-constraint/-/middleware-location-constraint-3.47.2.tgz#bd5f35c3321b8ee57e29d0d66a5740a08658723a"
  integrity sha512-b6ozPYnInQB1Iv+UjLyhunTCUcw54AKtUO7Mj2QLT2GqCPDPry7ZmAC9Qtfv4Itv7HyM4VfR1roAGKZwT4zxQw==
  dependencies:
    "@aws-sdk/types" "3.47.1"
    tslib "^2.3.0"

"@aws-sdk/middleware-logger@3.47.2":
  version "3.47.2"
  resolved "https://registry.yarnpkg.com/@aws-sdk/middleware-logger/-/middleware-logger-3.47.2.tgz#6e310ef9650e6635d25012ada0eafedfd9c2fcdd"
  integrity sha512-Oz14cAaYmtzMYw0/ehlVLvMF4gqQS0qaYWGyyR4a3nONiwEDzxNMEQiEg7i8VgsP4usK7lfYZLXgwSmqo7uCzg==
  dependencies:
    "@aws-sdk/types" "3.47.1"
    tslib "^2.3.0"

"@aws-sdk/middleware-retry@3.47.2":
  version "3.47.2"
  resolved "https://registry.yarnpkg.com/@aws-sdk/middleware-retry/-/middleware-retry-3.47.2.tgz#856b3b614c4de9a010068a5d5fc55c247a6ceba6"
  integrity sha512-qgAE/+hVGXQDkqbVo+uFeb+N7mr7kBi0Oc1Fm490fm3uLQnXuyu3suIix//wxNejoLwIgKQGSLrQNgnXtuvhxw==
  dependencies:
    "@aws-sdk/protocol-http" "3.47.2"
    "@aws-sdk/service-error-classification" "3.47.2"
    "@aws-sdk/types" "3.47.1"
    tslib "^2.3.0"
    uuid "^8.3.2"

"@aws-sdk/middleware-sdk-s3@3.47.2":
  version "3.47.2"
  resolved "https://registry.yarnpkg.com/@aws-sdk/middleware-sdk-s3/-/middleware-sdk-s3-3.47.2.tgz#63b4acf1815a006f3d8c850b06a1af00a296e2a7"
  integrity sha512-KjcrHHDIn4QCh8pTRVT2u8uOnpdPYVB2p+xblwyRvJt2VLhgJbgNpRy8pOwNo2lyfbOKrmWeBk4x0NduiXle8g==
  dependencies:
    "@aws-sdk/protocol-http" "3.47.2"
    "@aws-sdk/signature-v4" "3.47.2"
    "@aws-sdk/types" "3.47.1"
    "@aws-sdk/util-arn-parser" "3.47.1"
    tslib "^2.3.0"

"@aws-sdk/middleware-sdk-sts@3.47.2":
  version "3.47.2"
  resolved "https://registry.yarnpkg.com/@aws-sdk/middleware-sdk-sts/-/middleware-sdk-sts-3.47.2.tgz#6c451479e091eaad979384ae82e93e98c7377a29"
  integrity sha512-KlO4cYb4Bxf/Jg/uxlxRrFvxUR/DmjMIS+JRZNGqK4XyYA+apYZkfM0XUtMiKc491n/euluf9A0AyTxpMgixxg==
  dependencies:
    "@aws-sdk/middleware-signing" "3.47.2"
    "@aws-sdk/property-provider" "3.47.2"
    "@aws-sdk/protocol-http" "3.47.2"
    "@aws-sdk/signature-v4" "3.47.2"
    "@aws-sdk/types" "3.47.1"
    tslib "^2.3.0"

"@aws-sdk/middleware-serde@3.47.2":
  version "3.47.2"
  resolved "https://registry.yarnpkg.com/@aws-sdk/middleware-serde/-/middleware-serde-3.47.2.tgz#4c041ef0a17009171db4e707cc9bc91a6bd230c8"
  integrity sha512-Gjw+fkG4UvvbP5LrGW1FzUq0IJB6QIBFxStE0gbyjkKNYtcb9c0R3dIwH5CSECtelDZScytwmBKaVe8NGi6wJA==
  dependencies:
    "@aws-sdk/types" "3.47.1"
    tslib "^2.3.0"

"@aws-sdk/middleware-signing@3.47.2":
  version "3.47.2"
  resolved "https://registry.yarnpkg.com/@aws-sdk/middleware-signing/-/middleware-signing-3.47.2.tgz#4f5e3083cdadfbba8959e79714afa98bd6ea4789"
  integrity sha512-r6/2gf5gwkVdI7EOa1TdYdfzOdCF3jkhjLi98c3nAxZNxZFGwoycIy7Bd6sCfOdcmk8NyVmR0APpsgD9q+a3nw==
  dependencies:
    "@aws-sdk/property-provider" "3.47.2"
    "@aws-sdk/protocol-http" "3.47.2"
    "@aws-sdk/signature-v4" "3.47.2"
    "@aws-sdk/types" "3.47.1"
    tslib "^2.3.0"

"@aws-sdk/middleware-ssec@3.47.2":
  version "3.47.2"
  resolved "https://registry.yarnpkg.com/@aws-sdk/middleware-ssec/-/middleware-ssec-3.47.2.tgz#cf86d4e1612e68b5a849292a58ce2989f5cebf8c"
  integrity sha512-dRNQJjvlg4omfhAfSYtZva4OpS/58aLO7y8l2o5sQHGPwob5OYO5zfPioi4h68UZw1fagG962hUywOkVJDJAuw==
  dependencies:
    "@aws-sdk/types" "3.47.1"
    tslib "^2.3.0"

"@aws-sdk/middleware-stack@3.47.2":
  version "3.47.2"
  resolved "https://registry.yarnpkg.com/@aws-sdk/middleware-stack/-/middleware-stack-3.47.2.tgz#3ede974ac995d2b30e1bbcc24e82bc0204685f8c"
  integrity sha512-9wedI1L92stvg5fs6Y3CbUXYLZIYdI3Mrdqex+ulNRuepgZNORsk+dnb8rTkf9cO3nuWRrnfKBLc/uiTcA1dww==
  dependencies:
    tslib "^2.3.0"

"@aws-sdk/middleware-user-agent@3.47.2":
  version "3.47.2"
  resolved "https://registry.yarnpkg.com/@aws-sdk/middleware-user-agent/-/middleware-user-agent-3.47.2.tgz#072d90182d2f25254e61d38043f8f8405dc31871"
  integrity sha512-LF5gOi37lJ3tkuDSqZVKHmqYY8oTIUTEdmPVUbBQtPKsx9xfCNbMNVAP+C+7bnbt6StZIZsvtu0M144yNFXPGQ==
  dependencies:
    "@aws-sdk/protocol-http" "3.47.2"
    "@aws-sdk/types" "3.47.1"
    tslib "^2.3.0"

"@aws-sdk/node-config-provider@3.47.2":
  version "3.47.2"
  resolved "https://registry.yarnpkg.com/@aws-sdk/node-config-provider/-/node-config-provider-3.47.2.tgz#6980e2f29ea08cd516dbd90a395e9c61b055f078"
  integrity sha512-POdigo6ZXLRVWhmjE21Y1Q1ziPnM/c3rH0wHgzAtdx0Mfn6/9jS77QHMkZzC8MJ7lzgXVFDWM25evVZqdYrh+g==
  dependencies:
    "@aws-sdk/property-provider" "3.47.2"
    "@aws-sdk/shared-ini-file-loader" "3.47.1"
    "@aws-sdk/types" "3.47.1"
    tslib "^2.3.0"

"@aws-sdk/node-http-handler@3.47.2":
  version "3.47.2"
  resolved "https://registry.yarnpkg.com/@aws-sdk/node-http-handler/-/node-http-handler-3.47.2.tgz#f124e348c5adcf76e9d21f33193d4ed56afc2cc0"
  integrity sha512-X2Y+H2DBoeDnrSe5rsVc63uhext230AuG/+hIFHK2/HkyG9DiiHKNCNj2w8N4FLWEX3l8KDif3C7BqYxj9ZkDg==
  dependencies:
    "@aws-sdk/abort-controller" "3.47.2"
    "@aws-sdk/protocol-http" "3.47.2"
    "@aws-sdk/querystring-builder" "3.47.2"
    "@aws-sdk/types" "3.47.1"
    tslib "^2.3.0"

"@aws-sdk/property-provider@3.47.2":
  version "3.47.2"
  resolved "https://registry.yarnpkg.com/@aws-sdk/property-provider/-/property-provider-3.47.2.tgz#6e92bf92245248837d48ed53a89835857e63f613"
  integrity sha512-0NiVJ6+JtRC8XOvNb1ofHtsjINrinC1/fDKvl/bDtJDhehC5EcIeiDQmHFUhGsgTyD+VpmuHj7E4AlV6BchNPQ==
  dependencies:
    "@aws-sdk/types" "3.47.1"
    tslib "^2.3.0"

"@aws-sdk/protocol-http@3.47.2":
  version "3.47.2"
  resolved "https://registry.yarnpkg.com/@aws-sdk/protocol-http/-/protocol-http-3.47.2.tgz#ccaea2266ac941a5bf89a96586e7d55205580a81"
  integrity sha512-XAQFbSigJD0fk61nSR6y6TMv3+o1IjymltWuDmGEtoI25pisC2M3A+3/xO9YHag/41CSgt9nQ+lh1iC4UlKKJw==
  dependencies:
    "@aws-sdk/types" "3.47.1"
    tslib "^2.3.0"

"@aws-sdk/querystring-builder@3.47.2":
  version "3.47.2"
  resolved "https://registry.yarnpkg.com/@aws-sdk/querystring-builder/-/querystring-builder-3.47.2.tgz#958bdcc16a2a7ad2a1dd0e2f4d25d1957adc2668"
  integrity sha512-rsckQ262jFSDVES6rOuTnSDM9XEbM57zxeBj5BtD6eCnyUD0G4FZa1xZRum4khoxfff6/eJ+i2uncKrEk1v+EQ==
  dependencies:
    "@aws-sdk/types" "3.47.1"
    "@aws-sdk/util-uri-escape" "3.47.1"
    tslib "^2.3.0"

"@aws-sdk/querystring-parser@3.47.2":
  version "3.47.2"
  resolved "https://registry.yarnpkg.com/@aws-sdk/querystring-parser/-/querystring-parser-3.47.2.tgz#32b72a750ebce05c37ac01aef7dea7d35e17139f"
  integrity sha512-28BirdFhZ+Y2pUMuI9r1ATgcQyt4q3cSqqpLSy7ADGb7xHde6oA/ZfRdX/s7OVIHoAfhrjAeI+TbYjwso9F/HA==
  dependencies:
    "@aws-sdk/types" "3.47.1"
    tslib "^2.3.0"

"@aws-sdk/service-error-classification@3.47.2":
  version "3.47.2"
  resolved "https://registry.yarnpkg.com/@aws-sdk/service-error-classification/-/service-error-classification-3.47.2.tgz#9f27403f229a866d0b04a36848760e48e7c68eda"
  integrity sha512-oJCJbAPYhTNguJUhD8hlD7ibWIDpkvGrhkcq89gxBcXHPl/2/kjsii0gr302IH452IJlumpVe5wOXoZeqZYjaw==

"@aws-sdk/shared-ini-file-loader@3.47.1":
  version "3.47.1"
  resolved "https://registry.yarnpkg.com/@aws-sdk/shared-ini-file-loader/-/shared-ini-file-loader-3.47.1.tgz#11315c4a96df1a7f0a4a067bd5f15009de60c6d7"
  integrity sha512-f0eVOMYkT4H0gOf1B9lw65/xeTa7rT9hocVB7DbjWk8Ifv46Uvlb4ZyYOLZIBDQyFNFrD/HHvja3BkzfV0MEOA==
  dependencies:
    tslib "^2.3.0"

"@aws-sdk/signature-v4@3.47.2":
  version "3.47.2"
  resolved "https://registry.yarnpkg.com/@aws-sdk/signature-v4/-/signature-v4-3.47.2.tgz#e4d4afa8feacc932e3862d7af7a22621530307db"
  integrity sha512-zJIhUY8LLiQldfM9wpgVw525dHbILJovyZm3xmm6Tq/t258cawNaeOvOp9w0I3ycA3gs+nKgMXdeMjLH8QLbWg==
  dependencies:
    "@aws-sdk/is-array-buffer" "3.47.1"
    "@aws-sdk/types" "3.47.1"
    "@aws-sdk/util-hex-encoding" "3.47.1"
    "@aws-sdk/util-uri-escape" "3.47.1"
    tslib "^2.3.0"

"@aws-sdk/smithy-client@3.47.2":
  version "3.47.2"
  resolved "https://registry.yarnpkg.com/@aws-sdk/smithy-client/-/smithy-client-3.47.2.tgz#49d55164fd7eb0903b0ecf81a44e34c0da0a5960"
  integrity sha512-vCzZodWyKmLzC+N/B1GzDjKD8I5b/ILTwPHaaH7yJdncISq/3jyTMJVW7mZHbDX61a18rL/bADnIxEd524Y2hQ==
  dependencies:
    "@aws-sdk/middleware-stack" "3.47.2"
    "@aws-sdk/types" "3.47.1"
    tslib "^2.3.0"

"@aws-sdk/types@3.47.1":
  version "3.47.1"
  resolved "https://registry.yarnpkg.com/@aws-sdk/types/-/types-3.47.1.tgz#0426640bb3014baa64c03ab31ff9bdcefc963c62"
  integrity sha512-c+lxJJLD5Bq8HkrgaIWQfK8oGH53CYpRRJizyQ5qfRo9aXp/qshUnIVcgnA8t0k7jfzcIfa0Q7jSSBw3EerEbg==

"@aws-sdk/types@^3.1.0":
  version "3.40.0"
  resolved "https://registry.yarnpkg.com/@aws-sdk/types/-/types-3.40.0.tgz#a9d7926fcb9b699bc46be975033559d2293e60d1"
  integrity sha512-KpILcfvRaL88TLvo3SY4OuCCg90SvcNLPyjDwUuBqiOyWODjrKShHtAPJzej4CLp92lofh+ul0UnBfV9Jb/5PA==

"@aws-sdk/url-parser@3.47.2":
  version "3.47.2"
  resolved "https://registry.yarnpkg.com/@aws-sdk/url-parser/-/url-parser-3.47.2.tgz#cac91dd06af78ec30dca212ec1954a7638be8706"
  integrity sha512-xapm+8toLY1FJmdGWl/YWCGSbbzPitiKmcg9+NP1DIyZyHjzeG5vBZ2SYejYtGOf+Qn1VKyNN2+Qs049FOsh6w==
  dependencies:
    "@aws-sdk/querystring-parser" "3.47.2"
    "@aws-sdk/types" "3.47.1"
    tslib "^2.3.0"

"@aws-sdk/util-arn-parser@3.47.1":
  version "3.47.1"
  resolved "https://registry.yarnpkg.com/@aws-sdk/util-arn-parser/-/util-arn-parser-3.47.1.tgz#5e6a4289aaf5a54d4b1189e1c9c41bf492fe9c54"
  integrity sha512-Q+tZjYyBeWMyPJ6+l42JXS7gt5crXywJbLDGjoLoS+Ba0JDB5zp8IMRLzGzQpTO+VnbL4ZyEEUVEihyqFbB0iw==
  dependencies:
    tslib "^2.3.0"

"@aws-sdk/util-base64-browser@3.47.1":
  version "3.47.1"
  resolved "https://registry.yarnpkg.com/@aws-sdk/util-base64-browser/-/util-base64-browser-3.47.1.tgz#d141cfb8492b6bdc4e4e3e01122b490abaf363fe"
  integrity sha512-asStae2d1xvgs3czWvvVb4JWHfY2iV8yximL4MwF+Lb8XG/b8LH3tG1E5axAFVMBcljdvRB941N7w3rug7V9ig==
  dependencies:
    tslib "^2.3.0"

"@aws-sdk/util-base64-node@3.47.2":
  version "3.47.2"
  resolved "https://registry.yarnpkg.com/@aws-sdk/util-base64-node/-/util-base64-node-3.47.2.tgz#c089ac28641d9363e96a710362955d41ad7a8b2d"
  integrity sha512-0Oml66+9/uERV1dosecA/1tEd0zdiwI3kEobCF5w2f4gJDzUdaEoztcRwtbLcFv6yVT7XoW4evMQbtlcruypcQ==
  dependencies:
    "@aws-sdk/util-buffer-from" "3.47.2"
    tslib "^2.3.0"

"@aws-sdk/util-body-length-browser@3.47.1":
  version "3.47.1"
  resolved "https://registry.yarnpkg.com/@aws-sdk/util-body-length-browser/-/util-body-length-browser-3.47.1.tgz#b4fd404a7d57e83c352ef6c1ebb0ad1e8d1cc462"
  integrity sha512-qR307MATPC+4JtN7W9sSkchfdB3O4mulLKRpk7rF6Ns6vVwhaPfJstSGe9Qa68zYZXubF9h5WnoWuJz4N0Vqdw==
  dependencies:
    tslib "^2.3.0"

"@aws-sdk/util-body-length-node@3.47.1":
  version "3.47.1"
  resolved "https://registry.yarnpkg.com/@aws-sdk/util-body-length-node/-/util-body-length-node-3.47.1.tgz#7327891fadd1cfe59e566339abe844a505eae9c1"
  integrity sha512-U2K7+gi3bAQBb3WB1/trvA+4rPC2SKH9w/sRtqBwtxHNOjXjiCiF3oEYnbir7cdSfhzMH4HBYKbfkHZwTAHMfw==
  dependencies:
    tslib "^2.3.0"

"@aws-sdk/util-buffer-from@3.47.2":
  version "3.47.2"
  resolved "https://registry.yarnpkg.com/@aws-sdk/util-buffer-from/-/util-buffer-from-3.47.2.tgz#68d8605591eb48b1b77863e527a47dbcaf902603"
  integrity sha512-oLytLGiIeJEk7FcT7bdeQNv7+vvVVPuL5hyXlCjHZwoWuDxepjoDhTaIC9Isq1UyPKfSZaVpk/1nqREe4aYDHw==
  dependencies:
    "@aws-sdk/is-array-buffer" "3.47.1"
    tslib "^2.3.0"

"@aws-sdk/util-config-provider@3.47.1":
  version "3.47.1"
  resolved "https://registry.yarnpkg.com/@aws-sdk/util-config-provider/-/util-config-provider-3.47.1.tgz#dc7388976add2e70d6ea31ab6e812d41ab3baf87"
  integrity sha512-kBs+YghZaOqChxLZDTR8dw5RQxJ/qF064EjRpC+TdCegLCO2UtZ97RXBvc5mdt94OxXGjGUjDiD/eAlpjjFNXw==
  dependencies:
    tslib "^2.3.0"

"@aws-sdk/util-credentials@3.47.2":
  version "3.47.2"
  resolved "https://registry.yarnpkg.com/@aws-sdk/util-credentials/-/util-credentials-3.47.2.tgz#24dd531d8c7b999a1146009ff53c2ce7975d1afa"
  integrity sha512-C0L8pfZkJyWfuvLVRcM2Ff11t2mkM4lzjNBnQKdL80wuASZWCnAi50oUKBgwbHZdOsRKGV7C4zqAuTLTRaFpCQ==
  dependencies:
    "@aws-sdk/shared-ini-file-loader" "3.47.1"
    tslib "^2.3.0"

"@aws-sdk/util-defaults-mode-browser@3.47.2":
  version "3.47.2"
  resolved "https://registry.yarnpkg.com/@aws-sdk/util-defaults-mode-browser/-/util-defaults-mode-browser-3.47.2.tgz#69409d06971c085a38d7b48d43de5395866b3ff4"
  integrity sha512-ojAF5k/VFbPvJoj6/G6ekVQhbFvabUBvRhRaoQjkmj8LVEahtzcNcOxhu3FmH17mXR2oxWsGwvq6VAw6V3jLBg==
  dependencies:
    "@aws-sdk/property-provider" "3.47.2"
    "@aws-sdk/types" "3.47.1"
    bowser "^2.11.0"
    tslib "^2.3.0"

"@aws-sdk/util-defaults-mode-node@3.47.2":
  version "3.47.2"
  resolved "https://registry.yarnpkg.com/@aws-sdk/util-defaults-mode-node/-/util-defaults-mode-node-3.47.2.tgz#8c51084bb8db55ce3a3b012a1452bca14a6b8f17"
  integrity sha512-O35bXeahlepgPxg72XDN+5cXlbs+jZec5AH+7YYI+ldEVu6WxF0MxeQtMG4Fqpb19bpPIPz0SodHM1D1I53S5w==
  dependencies:
    "@aws-sdk/config-resolver" "3.47.2"
    "@aws-sdk/credential-provider-imds" "3.47.2"
    "@aws-sdk/node-config-provider" "3.47.2"
    "@aws-sdk/property-provider" "3.47.2"
    "@aws-sdk/types" "3.47.1"
    tslib "^2.3.0"

"@aws-sdk/util-hex-encoding@3.47.1":
  version "3.47.1"
  resolved "https://registry.yarnpkg.com/@aws-sdk/util-hex-encoding/-/util-hex-encoding-3.47.1.tgz#e3deb4632b646f40cfea4c0a9226539de18633c9"
  integrity sha512-9vBhp1E74s6nImK5xk7BkopQ10w6Vk8UrIinu71U7V/0PdjCEb4Jmnn++MLyim2jTT0QEGmJ6v0VjPZi9ETWaA==
  dependencies:
    tslib "^2.3.0"

"@aws-sdk/util-locate-window@^3.0.0":
  version "3.37.0"
  resolved "https://registry.yarnpkg.com/@aws-sdk/util-locate-window/-/util-locate-window-3.37.0.tgz#e041f411e5e6a235e5bcffacc4b7fa90f25d8d01"
  integrity sha512-NvDCfOhLLVHp27oGUUs8EVirhz91aX5gdxGS7J/sh5PF0cNN8rwaR1vSLR7BxPmJHMO7NH7i9EwiELfLfYcq6g==
  dependencies:
    tslib "^2.3.0"

"@aws-sdk/util-uri-escape@3.47.1":
  version "3.47.1"
  resolved "https://registry.yarnpkg.com/@aws-sdk/util-uri-escape/-/util-uri-escape-3.47.1.tgz#6926f95f0722102a312f55100bc83c649dbe5d8b"
  integrity sha512-CGqm+bT07OCJSgDo48/4Fegh9tNPR3kcOMfNWZ/J6lrt+nfAnOdXx5zZB63PjKCt5zJ7LM0thOQgAeOf2WdJzQ==
  dependencies:
    tslib "^2.3.0"

"@aws-sdk/util-user-agent-browser@3.47.2":
  version "3.47.2"
  resolved "https://registry.yarnpkg.com/@aws-sdk/util-user-agent-browser/-/util-user-agent-browser-3.47.2.tgz#380c4a2cf045cc5020a7244b67e1dd579e2252a1"
  integrity sha512-dstakqLW8hXRMzR/s3uLpfYbMs/qDowG/Fp123cAuln4rUODG29VNFLkMAYRnG6RQ9hf2OtXsCfFGNSm+bnJMg==
  dependencies:
    "@aws-sdk/types" "3.47.1"
    bowser "^2.11.0"
    tslib "^2.3.0"

"@aws-sdk/util-user-agent-node@3.47.2":
  version "3.47.2"
  resolved "https://registry.yarnpkg.com/@aws-sdk/util-user-agent-node/-/util-user-agent-node-3.47.2.tgz#84e0eeb1bde8ec693e355bad8b7c95ce89800948"
  integrity sha512-9wYkGvTrOFWb+9QjziQma+l9M0u1tmHiIdL9r4Btsc9WVMsy1Y9HUUeXacM3dLLIzCpQ5dDbjIlAZWA8Rm3ZOQ==
  dependencies:
    "@aws-sdk/node-config-provider" "3.47.2"
    "@aws-sdk/types" "3.47.1"
    tslib "^2.3.0"

"@aws-sdk/util-utf8-browser@3.47.1":
  version "3.47.1"
  resolved "https://registry.yarnpkg.com/@aws-sdk/util-utf8-browser/-/util-utf8-browser-3.47.1.tgz#0ab1e81baa1b2722ed59e47e58586aeb36698a9d"
  integrity sha512-PzHEdiBhfnZbHvZ+dIlIPodDbpgrpKDYslHe9A+tH8ZfuAxxmZEqnukp7QEkFr6mBcmq3H2thcPdNT45/5pA7Q==
  dependencies:
    tslib "^2.3.0"

"@aws-sdk/util-utf8-browser@^3.0.0":
  version "3.37.0"
  resolved "https://registry.yarnpkg.com/@aws-sdk/util-utf8-browser/-/util-utf8-browser-3.37.0.tgz#d896899f4c475ceeaf8b77c5d7cdc453e5fe6b83"
  integrity sha512-tuiOxzfqet1kKGYzlgpMGfhr64AHJnYsFx2jZiH/O6Yq8XQg43ryjQlbJlim/K/XHGNzY0R+nabeJg34q3Ua1g==
  dependencies:
    tslib "^2.3.0"

"@aws-sdk/util-utf8-node@3.47.2":
  version "3.47.2"
  resolved "https://registry.yarnpkg.com/@aws-sdk/util-utf8-node/-/util-utf8-node-3.47.2.tgz#018f819b87c0b1fac64889cb02dff48c86adaa96"
  integrity sha512-itgWlytqhbD/pRiGxX7XY7RF8k15ScV816FUlZtOKeRpAphliFT07TGWKmiZcFxEbHpi9r8A5H1FOoPmyU635Q==
  dependencies:
    "@aws-sdk/util-buffer-from" "3.47.2"
    tslib "^2.3.0"

"@aws-sdk/util-waiter@3.47.2":
  version "3.47.2"
  resolved "https://registry.yarnpkg.com/@aws-sdk/util-waiter/-/util-waiter-3.47.2.tgz#5f2f572346413e0822914dcc559d8178f4c76521"
  integrity sha512-3zzOEDPRgHJ3o17Ri0vVmCKvqh9tA2lP9WbpXTjOgEAfdI/hsP2XhqJWVrlyN+wQ6FwPbuX3Jsb7lsp1OZP2bg==
  dependencies:
    "@aws-sdk/abort-controller" "3.47.2"
    "@aws-sdk/types" "3.47.1"
    tslib "^2.3.0"

"@aws-sdk/xml-builder@3.47.1":
  version "3.47.1"
  resolved "https://registry.yarnpkg.com/@aws-sdk/xml-builder/-/xml-builder-3.47.1.tgz#7dc7140b9c8e9718e021066455f43f52bc42c745"
  integrity sha512-SPDSKG7zw7MnGFVl3uIVNBBZo4WyNg8Wu82COfD8XaH+E/XiYiHjjoPq8eIscrQb799TXudHxy5h/C7dFACMxA==
  dependencies:
    tslib "^2.3.0"

"@types/body-parser@*":
  version "1.17.1"
  resolved "https://registry.yarnpkg.com/@types/body-parser/-/body-parser-1.17.1.tgz#18fcf61768fb5c30ccc508c21d6fd2e8b3bf7897"
  integrity sha512-RoX2EZjMiFMjZh9lmYrwgoP9RTpAjSHiJxdp4oidAQVO02T7HER3xj9UKue5534ULWeqVEkujhWcyvUce+d68w==
  dependencies:
    "@types/connect" "*"
    "@types/node" "*"

"@types/connect@*":
  version "3.4.32"
  resolved "https://registry.yarnpkg.com/@types/connect/-/connect-3.4.32.tgz#aa0e9616b9435ccad02bc52b5b454ffc2c70ba28"
  integrity sha512-4r8qa0quOvh7lGD0pre62CAb1oni1OO6ecJLGCezTmhQ8Fz50Arx9RUszryR8KlgK6avuSXvviL6yWyViQABOg==
  dependencies:
    "@types/node" "*"

"@types/express-serve-static-core@*":
  version "4.17.0"
  resolved "https://registry.yarnpkg.com/@types/express-serve-static-core/-/express-serve-static-core-4.17.0.tgz#e80c25903df5800e926402b7e8267a675c54a281"
  integrity sha512-Xnub7w57uvcBqFdIGoRg1KhNOeEj0vB6ykUM7uFWyxvbdE89GFyqgmUcanAriMr4YOxNFZBAWkfcWIb4WBPt3g==
  dependencies:
    "@types/node" "*"
    "@types/range-parser" "*"

"@types/express@*":
  version "4.17.2"
  resolved "https://registry.yarnpkg.com/@types/express/-/express-4.17.2.tgz#a0fb7a23d8855bac31bc01d5a58cadd9b2173e6c"
  integrity sha512-5mHFNyavtLoJmnusB8OKJ5bshSzw+qkMIBAobLrIM48HJvunFva9mOa6aBwh64lBFyNwBbs0xiEFuj4eU/NjCA==
  dependencies:
    "@types/body-parser" "*"
    "@types/express-serve-static-core" "*"
    "@types/serve-static" "*"

"@types/ghost-storage-base@^0.0.1":
  version "0.0.1"
  resolved "https://registry.yarnpkg.com/@types/ghost-storage-base/-/ghost-storage-base-0.0.1.tgz#6d384210eef4479f8993c7b2254b7f284d73d85a"
  integrity sha512-kN5il2PjYzx0grGRbSMeycAE5q8GBw251ZwmZKjxwsgd07n2gGNnR8vMX+djahRViAZADkRdJqU/EQtW/n2V6g==
  dependencies:
    "@types/express" "*"

"@types/mime@*":
  version "2.0.1"
  resolved "https://registry.yarnpkg.com/@types/mime/-/mime-2.0.1.tgz#dc488842312a7f075149312905b5e3c0b054c79d"
  integrity sha512-FwI9gX75FgVBJ7ywgnq/P7tw+/o1GUbtP0KzbtusLigAOgIgNISRK0ZPl4qertvXSIE8YbsVJueQ90cDt9YYyw==

"@types/ms@^0.7.31":
  version "0.7.31"
  resolved "https://registry.yarnpkg.com/@types/ms/-/ms-0.7.31.tgz#31b7ca6407128a3d2bbc27fe2d21b345397f6197"
  integrity sha512-iiUgKzV9AuaEkZqkOLDIvlQiL6ltuZd9tGcW3gwpnX8JbuiuhFlEGmmFXEXkN50Cvq7Os88IY2v0dkDqXYWVgA==

"@types/node@*":
  version "12.12.14"
  resolved "https://registry.yarnpkg.com/@types/node/-/node-12.12.14.tgz#1c1d6e3c75dba466e0326948d56e8bd72a1903d2"
  integrity sha512-u/SJDyXwuihpwjXy7hOOghagLEV1KdAST6syfnOk6QZAMzZuWZqXy5aYYZbh8Jdpd4escVFP0MvftHNDb9pruA==

"@types/node@^16.11.11":
  version "16.11.11"
  resolved "https://registry.yarnpkg.com/@types/node/-/node-16.11.11.tgz#6ea7342dfb379ea1210835bada87b3c512120234"
  integrity sha512-KB0sixD67CeecHC33MYn+eYARkqTheIRNuu97y2XMjR7Wu3XibO1vaY6VBV6O/a89SPI81cEUIYT87UqUWlZNw==

"@types/range-parser@*":
  version "1.2.3"
  resolved "https://registry.yarnpkg.com/@types/range-parser/-/range-parser-1.2.3.tgz#7ee330ba7caafb98090bece86a5ee44115904c2c"
  integrity sha512-ewFXqrQHlFsgc09MK5jP5iR7vumV/BYayNC6PgJO2LPe8vrnNFyjQjSppfEngITi0qvfKtzFvgKymGheFM9UOA==

"@types/serve-static@*":
  version "1.13.3"
  resolved "https://registry.yarnpkg.com/@types/serve-static/-/serve-static-1.13.3.tgz#eb7e1c41c4468272557e897e9171ded5e2ded9d1"
  integrity sha512-oprSwp094zOglVrXdlo/4bAHtKTAxX6VT8FOZlBKrmyLbNvE1zxZyJ6yikMVtHIvwP45+ZQGJn+FdXGKTozq0g==
  dependencies:
    "@types/express-serve-static-core" "*"
    "@types/mime" "*"

bowser@^2.11.0:
  version "2.11.0"
  resolved "https://registry.yarnpkg.com/bowser/-/bowser-2.11.0.tgz#5ca3c35757a7aa5771500c70a73a9f91ef420a8f"
  integrity sha512-AlcaJBi/pqqJBIQ8U9Mcpc9i8Aqxn88Skv5d+xBX006BY5u8N3mGLHa5Lgppa7L/HfwgwLgZ6NYs+Ag6uUmJRA==

core-js@^3.20.3:
  version "3.20.3"
  resolved "https://registry.yarnpkg.com/core-js/-/core-js-3.20.3.tgz#c710d0a676e684522f3db4ee84e5e18a9d11d69a"
  integrity sha512-vVl8j8ph6tRS3B8qir40H7yw7voy17xL0piAjlbBUsH7WIfzoedL/ZOr1OV9FyZQLWXsayOJyV4tnRyXR85/ag==

entities@2.2.0:
  version "2.2.0"
  resolved "https://registry.yarnpkg.com/entities/-/entities-2.2.0.tgz#098dc90ebb83d8dffa089d55256b351d34c4da55"
  integrity sha512-p92if5Nz619I0w+akJrLZH0MX0Pb5DX39XOwQTtXSdQQOaYH03S1uIQp4mhOZtAXrxq4ViO67YTiLBo2638o9A==

fast-xml-parser@3.19.0:
  version "3.19.0"
  resolved "https://registry.yarnpkg.com/fast-xml-parser/-/fast-xml-parser-3.19.0.tgz#cb637ec3f3999f51406dd8ff0e6fc4d83e520d01"
  integrity sha512-4pXwmBplsCPv8FOY1WRakF970TjNGnGnfbOnLqjlYvMiF1SR3yOHyxMR/YCXpPTOspNF5gwudqktIP4VsWkvBg==

ghost-storage-base@^1.0.0:
  version "1.0.0"
  resolved "https://registry.yarnpkg.com/ghost-storage-base/-/ghost-storage-base-1.0.0.tgz#931289d310ad59fc80e2be01a81235cc3a76e75a"
  integrity sha512-qIW6pny/wWKjrbRmXVNis9i7856AMR5/NZmnLTrKbA0KIEnA9K/fhkj7ISnSyTYfBv17sFsC23eJfvj6dDgZrQ==
  dependencies:
    moment "2.27.0"

moment@2.27.0:
  version "2.27.0"
  resolved "https://registry.yarnpkg.com/moment/-/moment-2.27.0.tgz#8bff4e3e26a236220dfe3e36de756b6ebaa0105d"
  integrity sha512-al0MUK7cpIcglMv3YF13qSgdAIqxHTO7brRtaz3DlSULbqfazqkc5kEjNrLDOM7fsjshoFIihnU8snrP7zUvhQ==

ms@^2.1.3:
  version "2.1.3"
  resolved "https://registry.yarnpkg.com/ms/-/ms-2.1.3.tgz#574c8138ce1d2b5861f0b44579dbadd60c6615b2"
  integrity sha512-6FlzubTLZG3J2a/NVCAleEhjzq5oxgHyaCU9yYXvcLsvoVaHJq/s5xXI6/XXP6tz7R9xAOtHnSO/tXtF3WRTlA==

rrjx@^0.1.1:
  version "0.1.1"
  resolved "https://registry.yarnpkg.com/rrjx/-/rrjx-0.1.1.tgz#e02f7798f4466bfcc7014425360daf7c9bdb9e35"
  integrity sha512-cE3woOK5zeVh+GmauxI7Y2vcbhN1h/ACnnZN/K61uaEFFTEobMNwq864FeJlmkwm5L1SfQit3WonSDZ5CuZEDA==

s3-key@^0.1.1:
  version "0.1.1"
  resolved "https://registry.yarnpkg.com/s3-key/-/s3-key-0.1.1.tgz#e80bae9ed50a8fdec1e4cc8a1639f33346f76a4e"
  integrity sha512-Kfj0BcGshOIWA3yzY8RlGJ30y5RUzS/l1KO5H0I1Hu0ZxPpIfMMMUj5IVBgNosI0SY391Sg0CBSLDZP5TWT1xQ==
  dependencies:
    rrjx "^0.1.1"

tslib@^1.11.1:
  version "1.14.1"
  resolved "https://registry.yarnpkg.com/tslib/-/tslib-1.14.1.tgz#cf2d38bdc34a134bcaf1091c41f6619e2f672d00"
  integrity sha512-Xni35NKzjgMrwevysHTCArtLDpPvye8zV/0E4EyYn43P7/7qvQwPh9BGkHewbMulVntbigmcT7rdX3BNo9wRJg==

tslib@^2.3.0:
  version "2.3.1"
  resolved "https://registry.yarnpkg.com/tslib/-/tslib-2.3.1.tgz#e8a335add5ceae51aa261d32a490158ef042ef01"
  integrity sha512-77EbyPPpMz+FRFRuAFlWMtmgUWGe9UOG2Z25NqCwiIjRhOf5iKGuzSe5P2w1laq+FkRy4p+PCuVkJSGkzTEKVw==

typescript@^4.5.2:
  version "4.5.2"
  resolved "https://registry.yarnpkg.com/typescript/-/typescript-4.5.2.tgz#8ac1fba9f52256fdb06fb89e4122fa6a346c2998"
  integrity sha512-5BlMof9H1yGt0P8/WF+wPNw6GfctgGjXp5hkblpyT+8rkASSmkUKMXrxR0Xg8ThVCi/JnHQiKXeBaEwCeQwMFw==

uuid@^8.3.2:
  version "8.3.2"
  resolved "https://registry.yarnpkg.com/uuid/-/uuid-8.3.2.tgz#80d5b5ced271bb9af6c445f21a1a04c606cefbe2"
  integrity sha512-+NYs2QeMWy+GWFOEm9xnn6HCDp0l7QBD7ml8zLUmJ+93Q5NF0NocErnwkTkXVFNiX3/fpC6afS8Dhb/gz7R7eg==
